
Microsoft Visual Studio Solution File, Format Version 12.00
# Visual Studio Version 17
VisualStudioVersion = 17.9.34714.143
MinimumVisualStudioVersion = 10.0.40219.1
Project("{FAE04EC0-301F-11D3-BF4B-00C04F79EFBC}") = "GeneratePass", "GeneratePass\GeneratePass.csproj", "{05DA508B-68FC-4786-9873-651E93E06039}"
EndProject
Global
	GlobalSection(SolutionConfigurationPlatforms) = preSolution
		Debug|Any CPU = Debug|Any CPU
		Release|Any CPU = Release|Any CPU
	EndGlobalSection
	GlobalSection(ProjectConfigurationPlatforms) = postSolution
		{05DA508B-68FC-4786-9873-651E93E06039}.Debug|Any CPU.ActiveCfg = Debug|Any CPU
		{05DA508B-68FC-4786-9873-651E93E06039}.Debug|Any CPU.Build.0 = Debug|Any CPU
		{05DA508B-68FC-4786-9873-651E93E06039}.Release|Any CPU.ActiveCfg = Release|Any CPU
		{05DA508B-68FC-4786-9873-651E93E06039}.Release|Any CPU.Build.0 = Release|Any CPU
	EndGlobalSection
	GlobalSection(SolutionProperties) = preSolution
		HideSolutionNode = FALSE
	EndGlobalSection
	GlobalSection(ExtensibilityGlobals) = postSolution
		SolutionGuid = {BA3F6DC5-34C7-4D1C-B0C6-71510D7AA5CB}
	EndGlobalSection
EndGlobal
